
Microsoft Visual Studio Solution File, Format Version 12.00
# Visual Studio Version 16
VisualStudioVersion = 16.0.32228.343
MinimumVisualStudioVersion = 10.0.40219.1
Project("{8BC9CEB8-8B4A-11D0-8D11-00A0C91BC942}") = "GitHub", "GitHub\GitHub.vcxproj", "{04BF653C-D5C8-45E1-A2D5-1E806DE452C8}"
EndProject
Global
	GlobalSection(SolutionConfigurationPlatforms) = preSolution
		Debug|x64 = Debug|x64
		Debug|x86 = Debug|x86
		Release|x64 = Release|x64
		Release|x86 = Release|x86
	EndGlobalSection
	GlobalSection(ProjectConfigurationPlatforms) = postSolution
		{04BF653C-D5C8-45E1-A2D5-1E806DE452C8}.Debug|x64.ActiveCfg = Debug|x64
		{04BF653C-D5C8-45E1-A2D5-1E806DE452C8}.Debug|x64.Build.0 = Debug|x64
		{04BF653C-D5C8-45E1-A2D5-1E806DE452C8}.Debug|x86.ActiveCfg = Debug|Win32
		{04BF653C-D5C8-45E1-A2D5-1E806DE452C8}.Debug|x86.Build.0 = Debug|Win32
		{04BF653C-D5C8-45E1-A2D5-1E806DE452C8}.Release|x64.ActiveCfg = Release|x64
		{04BF653C-D5C8-45E1-A2D5-1E806DE452C8}.Release|x64.Build.0 = Release|x64
		{04BF653C-D5C8-45E1-A2D5-1E806DE452C8}.Release|x86.ActiveCfg = Release|Win32
		{04BF653C-D5C8-45E1-A2D5-1E806DE452C8}.Release|x86.Build.0 = Release|Win32
	EndGlobalSection
	GlobalSection(SolutionProperties) = preSolution
		HideSolutionNode = FALSE
	EndGlobalSection
	GlobalSection(ExtensibilityGlobals) = postSolution
		SolutionGuid = {832A6977-341B-4ED1-8D07-7F6CC16561D8}
	EndGlobalSection
EndGlobal
